
Microsoft Visual Studio Solution File, Format Version 12.00
# Visual Studio Version 17
VisualStudioVersion = 17.0.31903.59
MinimumVisualStudioVersion = 10.0.40219.1
Project("{9A19103F-16F7-4668-BE54-9A1E7A4F7556}") = "Deveel.Ocm.Terminal.Client", "src\Deveel.Ocm.Terminal.Client\Deveel.Ocm.Terminal.Client.csproj", "{90FE9AFC-4684-4069-BC1B-E7FA1E451F5D}"
EndProject
Project("{9A19103F-16F7-4668-BE54-9A1E7A4F7556}") = "Deveel.Ocm.Sdk.Core", "src\Deveel.Ocm.Sdk.Core\Deveel.Ocm.Sdk.Core.csproj", "{07FD0EF9-7EDA-4AC3-9369-01361BE89905}"
EndProject
Project("{9A19103F-16F7-4668-BE54-9A1E7A4F7556}") = "Deveel.Ocm.CommandLine", "src\Deveel.Ocm.CommandLine\Deveel.Ocm.CommandLine.csproj", "{A215272C-8115-4450-9C91-6568E6EB4443}"
EndProject
Project("{9A19103F-16F7-4668-BE54-9A1E7A4F7556}") = "Deveel.Ocm.CommandLine.Abstractions", "src\Deveel.Ocm.CommandLine.Abstractions\Deveel.Ocm.CommandLine.Abstractions.csproj", "{36B5BDFC-F77E-4715-BE57-551C00C58280}"
EndProject
Project("{9A19103F-16F7-4668-BE54-9A1E7A4F7556}") = "Deveel.Ocm.Sdk", "src\Deveel.Ocm.Sdk\Deveel.Ocm.Sdk.csproj", "{71AF363E-3B40-4FF1-BA20-00579808DB69}"
EndProject
Project("{9A19103F-16F7-4668-BE54-9A1E7A4F7556}") = "Deveel.Ocm.CommandLine.Terminals", "src\Deveel.Ocm.CommandLine.Terminals\Deveel.Ocm.CommandLine.Terminals.csproj", "{7EA7D87A-A8E5-4D8A-A21A-BE513EF5877B}"
EndProject
Project("{9A19103F-16F7-4668-BE54-9A1E7A4F7556}") = "Deveel.Ocm.CommandLine.Auth", "src\Deveel.Ocm.CommandLine.Auth\Deveel.Ocm.CommandLine.Auth.csproj", "{FB1085F1-43C2-4BF4-B801-4495D7189304}"
EndProject
Project("{2150E333-8FDC-42A3-9474-1A3956D46DE8}") = "clients", "clients", "{D8038081-4DE6-4D94-A40C-8AFAE445CDDD}"
EndProject
Project("{2150E333-8FDC-42A3-9474-1A3956D46DE8}") = "cli", "cli", "{E6AC7408-650B-46B3-B756-FD784AA7226A}"
EndProject
Project("{9A19103F-16F7-4668-BE54-9A1E7A4F7556}") = "Deveel.Ocm.Route.Client", "src\Deveel.Ocm.Route.Client\Deveel.Ocm.Route.Client.csproj", "{1F2F87E5-3BBB-4A82-B989-FBAE01D5C7D7}"
EndProject
Project("{9A19103F-16F7-4668-BE54-9A1E7A4F7556}") = "Deveel.Ocm.Channel.Client", "src\Deveel.Ocm.Channel.Client\Deveel.Ocm.Channel.Client.csproj", "{F556225F-8F8C-4A31-9E4A-695EE1DFEE12}"
EndProject
Project("{9A19103F-16F7-4668-BE54-9A1E7A4F7556}") = "Deveel.Ocm.Webhook.Client", "src\Deveel.Ocm.Webhook.Client\Deveel.Ocm.Webhook.Client.csproj", "{972EB8DB-4D1D-4A26-9E95-5A1DD455E910}"
EndProject
Project("{9A19103F-16F7-4668-BE54-9A1E7A4F7556}") = "Deveel.Ocm.Message.Client", "src\Deveel.Ocm.Message.Client\Deveel.Ocm.Message.Client.csproj", "{C9D49F92-FDA4-4FC8-86ED-F331D2155203}"
EndProject
Global
	GlobalSection(SolutionConfigurationPlatforms) = preSolution
		Debug|Any CPU = Debug|Any CPU
		Release|Any CPU = Release|Any CPU
	EndGlobalSection
	GlobalSection(ProjectConfigurationPlatforms) = postSolution
		{90FE9AFC-4684-4069-BC1B-E7FA1E451F5D}.Debug|Any CPU.ActiveCfg = Debug|Any CPU
		{90FE9AFC-4684-4069-BC1B-E7FA1E451F5D}.Debug|Any CPU.Build.0 = Debug|Any CPU
		{90FE9AFC-4684-4069-BC1B-E7FA1E451F5D}.Release|Any CPU.ActiveCfg = Release|Any CPU
		{90FE9AFC-4684-4069-BC1B-E7FA1E451F5D}.Release|Any CPU.Build.0 = Release|Any CPU
		{07FD0EF9-7EDA-4AC3-9369-01361BE89905}.Debug|Any CPU.ActiveCfg = Debug|Any CPU
		{07FD0EF9-7EDA-4AC3-9369-01361BE89905}.Debug|Any CPU.Build.0 = Debug|Any CPU
		{07FD0EF9-7EDA-4AC3-9369-01361BE89905}.Release|Any CPU.ActiveCfg = Release|Any CPU
		{07FD0EF9-7EDA-4AC3-9369-01361BE89905}.Release|Any CPU.Build.0 = Release|Any CPU
		{A215272C-8115-4450-9C91-6568E6EB4443}.Debug|Any CPU.ActiveCfg = Debug|Any CPU
		{A215272C-8115-4450-9C91-6568E6EB4443}.Debug|Any CPU.Build.0 = Debug|Any CPU
		{A215272C-8115-4450-9C91-6568E6EB4443}.Release|Any CPU.ActiveCfg = Release|Any CPU
		{A215272C-8115-4450-9C91-6568E6EB4443}.Release|Any CPU.Build.0 = Release|Any CPU
		{36B5BDFC-F77E-4715-BE57-551C00C58280}.Debug|Any CPU.ActiveCfg = Debug|Any CPU
		{36B5BDFC-F77E-4715-BE57-551C00C58280}.Debug|Any CPU.Build.0 = Debug|Any CPU
		{36B5BDFC-F77E-4715-BE57-551C00C58280}.Release|Any CPU.ActiveCfg = Release|Any CPU
		{36B5BDFC-F77E-4715-BE57-551C00C58280}.Release|Any CPU.Build.0 = Release|Any CPU
		{71AF363E-3B40-4FF1-BA20-00579808DB69}.Debug|Any CPU.ActiveCfg = Debug|Any CPU
		{71AF363E-3B40-4FF1-BA20-00579808DB69}.Debug|Any CPU.Build.0 = Debug|Any CPU
		{71AF363E-3B40-4FF1-BA20-00579808DB69}.Release|Any CPU.ActiveCfg = Release|Any CPU
		{71AF363E-3B40-4FF1-BA20-00579808DB69}.Release|Any CPU.Build.0 = Release|Any CPU
		{7EA7D87A-A8E5-4D8A-A21A-BE513EF5877B}.Debug|Any CPU.ActiveCfg = Debug|Any CPU
		{7EA7D87A-A8E5-4D8A-A21A-BE513EF5877B}.Debug|Any CPU.Build.0 = Debug|Any CPU
		{7EA7D87A-A8E5-4D8A-A21A-BE513EF5877B}.Release|Any CPU.ActiveCfg = Release|Any CPU
		{7EA7D87A-A8E5-4D8A-A21A-BE513EF5877B}.Release|Any CPU.Build.0 = Release|Any CPU
		{FB1085F1-43C2-4BF4-B801-4495D7189304}.Debug|Any CPU.ActiveCfg = Debug|Any CPU
		{FB1085F1-43C2-4BF4-B801-4495D7189304}.Debug|Any CPU.Build.0 = Debug|Any CPU
		{FB1085F1-43C2-4BF4-B801-4495D7189304}.Release|Any CPU.ActiveCfg = Release|Any CPU
		{FB1085F1-43C2-4BF4-B801-4495D7189304}.Release|Any CPU.Build.0 = Release|Any CPU
		{1F2F87E5-3BBB-4A82-B989-FBAE01D5C7D7}.Debug|Any CPU.ActiveCfg = Debug|Any CPU
		{1F2F87E5-3BBB-4A82-B989-FBAE01D5C7D7}.Debug|Any CPU.Build.0 = Debug|Any CPU
		{1F2F87E5-3BBB-4A82-B989-FBAE01D5C7D7}.Release|Any CPU.ActiveCfg = Release|Any CPU
		{1F2F87E5-3BBB-4A82-B989-FBAE01D5C7D7}.Release|Any CPU.Build.0 = Release|Any CPU
		{F556225F-8F8C-4A31-9E4A-695EE1DFEE12}.Debug|Any CPU.ActiveCfg = Debug|Any CPU
		{F556225F-8F8C-4A31-9E4A-695EE1DFEE12}.Debug|Any CPU.Build.0 = Debug|Any CPU
		{F556225F-8F8C-4A31-9E4A-695EE1DFEE12}.Release|Any CPU.ActiveCfg = Release|Any CPU
		{F556225F-8F8C-4A31-9E4A-695EE1DFEE12}.Release|Any CPU.Build.0 = Release|Any CPU
		{972EB8DB-4D1D-4A26-9E95-5A1DD455E910}.Debug|Any CPU.ActiveCfg = Debug|Any CPU
		{972EB8DB-4D1D-4A26-9E95-5A1DD455E910}.Debug|Any CPU.Build.0 = Debug|Any CPU
		{972EB8DB-4D1D-4A26-9E95-5A1DD455E910}.Release|Any CPU.ActiveCfg = Release|Any CPU
		{972EB8DB-4D1D-4A26-9E95-5A1DD455E910}.Release|Any CPU.Build.0 = Release|Any CPU
		{C9D49F92-FDA4-4FC8-86ED-F331D2155203}.Debug|Any CPU.ActiveCfg = Debug|Any CPU
		{C9D49F92-FDA4-4FC8-86ED-F331D2155203}.Debug|Any CPU.Build.0 = Debug|Any CPU
		{C9D49F92-FDA4-4FC8-86ED-F331D2155203}.Release|Any CPU.ActiveCfg = Release|Any CPU
		{C9D49F92-FDA4-4FC8-86ED-F331D2155203}.Release|Any CPU.Build.0 = Release|Any CPU
	EndGlobalSection
	GlobalSection(SolutionProperties) = preSolution
		HideSolutionNode = FALSE
	EndGlobalSection
	GlobalSection(NestedProjects) = preSolution
		{90FE9AFC-4684-4069-BC1B-E7FA1E451F5D} = {D8038081-4DE6-4D94-A40C-8AFAE445CDDD}
		{A215272C-8115-4450-9C91-6568E6EB4443} = {E6AC7408-650B-46B3-B756-FD784AA7226A}
		{36B5BDFC-F77E-4715-BE57-551C00C58280} = {E6AC7408-650B-46B3-B756-FD784AA7226A}
		{7EA7D87A-A8E5-4D8A-A21A-BE513EF5877B} = {E6AC7408-650B-46B3-B756-FD784AA7226A}
		{FB1085F1-43C2-4BF4-B801-4495D7189304} = {E6AC7408-650B-46B3-B756-FD784AA7226A}
		{1F2F87E5-3BBB-4A82-B989-FBAE01D5C7D7} = {D8038081-4DE6-4D94-A40C-8AFAE445CDDD}
		{F556225F-8F8C-4A31-9E4A-695EE1DFEE12} = {D8038081-4DE6-4D94-A40C-8AFAE445CDDD}
		{972EB8DB-4D1D-4A26-9E95-5A1DD455E910} = {D8038081-4DE6-4D94-A40C-8AFAE445CDDD}
		{C9D49F92-FDA4-4FC8-86ED-F331D2155203} = {D8038081-4DE6-4D94-A40C-8AFAE445CDDD}
	EndGlobalSection
	GlobalSection(ExtensibilityGlobals) = postSolution
		SolutionGuid = {BE0775D6-CD64-4AD6-B686-70DF29628758}
	EndGlobalSection
EndGlobal
