
Microsoft Visual Studio Solution File, Format Version 12.00
# Visual Studio Version 17
VisualStudioVersion = 17.0.31903.59
MinimumVisualStudioVersion = 10.0.40219.1
Project("{FAE04EC0-301F-11D3-BF4B-00C04F79EFBC}") = "Deveel.Ocm.M.Channels.Management", "Deveel.Ocm.Channels.Management\Deveel.Ocm.Channels.Management.csproj", "{7E31B35A-9409-4992-A23F-45D9B095DF45}"
EndProject
Global
	GlobalSection(SolutionConfigurationPlatforms) = preSolution
		Debug|Any CPU = Debug|Any CPU
		Release|Any CPU = Release|Any CPU
	EndGlobalSection
	GlobalSection(SolutionProperties) = preSolution
		HideSolutionNode = FALSE
	EndGlobalSection
	GlobalSection(ProjectConfigurationPlatforms) = postSolution
		{7E31B35A-9409-4992-A23F-45D9B095DF45}.Debug|Any CPU.ActiveCfg = Debug|Any CPU
		{7E31B35A-9409-4992-A23F-45D9B095DF45}.Debug|Any CPU.Build.0 = Debug|Any CPU
		{7E31B35A-9409-4992-A23F-45D9B095DF45}.Release|Any CPU.ActiveCfg = Release|Any CPU
		{7E31B35A-9409-4992-A23F-45D9B095DF45}.Release|Any CPU.Build.0 = Release|Any CPU
	EndGlobalSection
EndGlobal
